
Microsoft Visual Studio Solution File, Format Version 12.00
# Visual Studio Version 16
VisualStudioVersion = 16.0.31515.178
MinimumVisualStudioVersion = 10.0.40219.1
Project("{9A19103F-16F7-4668-BE54-9A1E7A4F7556}") = "ExchangeRates.Api", "ExchangeRates.Api\ExchangeRates.Api.csproj", "{36E5DCFE-D66F-4F7E-B740-6658AA47160D}"
EndProject
Project("{2150E333-8FDC-42A3-9474-1A3956D46DE8}") = "Core", "Core", "{D983B3BA-842A-46BB-A33B-2AF9FB86D0EF}"
EndProject
Project("{2150E333-8FDC-42A3-9474-1A3956D46DE8}") = "Infrastructure", "Infrastructure", "{6AD393EB-EDC9-45B7-AD63-894040D90918}"
EndProject
Project("{9A19103F-16F7-4668-BE54-9A1E7A4F7556}") = "ExchangeRates.Core.Domain", "ExchangeRates.Core.Domain\ExchangeRates.Core.Domain.csproj", "{F791E30D-B4DD-415E-B1EA-A860725460C3}"
EndProject
Project("{2150E333-8FDC-42A3-9474-1A3956D46DE8}") = "Services", "Services", "{4D99FE7A-924A-4680-B5F8-D0BEE3EA1BC6}"
EndProject
Project("{9A19103F-16F7-4668-BE54-9A1E7A4F7556}") = "ExchangeRates.Core.App", "ExchangeRates.Core.App\ExchangeRates.Core.App.csproj", "{F6E8FA09-65C3-4804-AA81-7E12308993F8}"
EndProject
Project("{9A19103F-16F7-4668-BE54-9A1E7A4F7556}") = "ExchangeRates.Infrastructure.DB", "ExchangeRates.Infrastructure.DB\ExchangeRates.Infrastructure.DB.csproj", "{669E8E06-254D-420B-91BC-A5CD4075AD34}"
EndProject
Project("{9A19103F-16F7-4668-BE54-9A1E7A4F7556}") = "ExchangeRates.Infrastructure.SQLite", "ExchangeRates.Infrastructure.SQLite\ExchangeRates.Infrastructure.SQLite.csproj", "{417C3C37-DDB2-47C2-8A5F-9C869BC9C90B}"
EndProject
Project("{9A19103F-16F7-4668-BE54-9A1E7A4F7556}") = "ExchangeRates.Configuration", "ExchangeRates.Configuration\ExchangeRates.Configuration.csproj", "{FB800AA0-599E-4FA1-92D8-063BFF052451}"
EndProject
Project("{9A19103F-16F7-4668-BE54-9A1E7A4F7556}") = "ExchangeRates.Migrations", "ExchangeRates.Migrations\ExchangeRates.Migrations.csproj", "{7248955F-31C3-44C0-A041-FE8D1ECA1BF3}"
EndProject
Project("{FAE04EC0-301F-11D3-BF4B-00C04F79EFBC}") = "ExchangeRates.Maintenance", "ExchangeRates.Maintenance\ExchangeRates.Maintenance.csproj", "{D26741C6-C130-46A4-AE80-3BBD5F2840C5}"
EndProject
Global
	GlobalSection(SolutionConfigurationPlatforms) = preSolution
		Debug|Any CPU = Debug|Any CPU
		Release|Any CPU = Release|Any CPU
	EndGlobalSection
	GlobalSection(ProjectConfigurationPlatforms) = postSolution
		{36E5DCFE-D66F-4F7E-B740-6658AA47160D}.Debug|Any CPU.ActiveCfg = Debug|Any CPU
		{36E5DCFE-D66F-4F7E-B740-6658AA47160D}.Debug|Any CPU.Build.0 = Debug|Any CPU
		{36E5DCFE-D66F-4F7E-B740-6658AA47160D}.Release|Any CPU.ActiveCfg = Release|Any CPU
		{36E5DCFE-D66F-4F7E-B740-6658AA47160D}.Release|Any CPU.Build.0 = Release|Any CPU
		{F791E30D-B4DD-415E-B1EA-A860725460C3}.Debug|Any CPU.ActiveCfg = Debug|Any CPU
		{F791E30D-B4DD-415E-B1EA-A860725460C3}.Debug|Any CPU.Build.0 = Debug|Any CPU
		{F791E30D-B4DD-415E-B1EA-A860725460C3}.Release|Any CPU.ActiveCfg = Release|Any CPU
		{F791E30D-B4DD-415E-B1EA-A860725460C3}.Release|Any CPU.Build.0 = Release|Any CPU
		{F6E8FA09-65C3-4804-AA81-7E12308993F8}.Debug|Any CPU.ActiveCfg = Debug|Any CPU
		{F6E8FA09-65C3-4804-AA81-7E12308993F8}.Debug|Any CPU.Build.0 = Debug|Any CPU
		{F6E8FA09-65C3-4804-AA81-7E12308993F8}.Release|Any CPU.ActiveCfg = Release|Any CPU
		{F6E8FA09-65C3-4804-AA81-7E12308993F8}.Release|Any CPU.Build.0 = Release|Any CPU
		{669E8E06-254D-420B-91BC-A5CD4075AD34}.Debug|Any CPU.ActiveCfg = Debug|Any CPU
		{669E8E06-254D-420B-91BC-A5CD4075AD34}.Debug|Any CPU.Build.0 = Debug|Any CPU
		{669E8E06-254D-420B-91BC-A5CD4075AD34}.Release|Any CPU.ActiveCfg = Release|Any CPU
		{669E8E06-254D-420B-91BC-A5CD4075AD34}.Release|Any CPU.Build.0 = Release|Any CPU
		{417C3C37-DDB2-47C2-8A5F-9C869BC9C90B}.Debug|Any CPU.ActiveCfg = Debug|Any CPU
		{417C3C37-DDB2-47C2-8A5F-9C869BC9C90B}.Debug|Any CPU.Build.0 = Debug|Any CPU
		{417C3C37-DDB2-47C2-8A5F-9C869BC9C90B}.Release|Any CPU.ActiveCfg = Release|Any CPU
		{417C3C37-DDB2-47C2-8A5F-9C869BC9C90B}.Release|Any CPU.Build.0 = Release|Any CPU
		{FB800AA0-599E-4FA1-92D8-063BFF052451}.Debug|Any CPU.ActiveCfg = Debug|Any CPU
		{FB800AA0-599E-4FA1-92D8-063BFF052451}.Debug|Any CPU.Build.0 = Debug|Any CPU
		{FB800AA0-599E-4FA1-92D8-063BFF052451}.Release|Any CPU.ActiveCfg = Release|Any CPU
		{FB800AA0-599E-4FA1-92D8-063BFF052451}.Release|Any CPU.Build.0 = Release|Any CPU
		{7248955F-31C3-44C0-A041-FE8D1ECA1BF3}.Debug|Any CPU.ActiveCfg = Debug|Any CPU
		{7248955F-31C3-44C0-A041-FE8D1ECA1BF3}.Debug|Any CPU.Build.0 = Debug|Any CPU
		{7248955F-31C3-44C0-A041-FE8D1ECA1BF3}.Release|Any CPU.ActiveCfg = Release|Any CPU
		{7248955F-31C3-44C0-A041-FE8D1ECA1BF3}.Release|Any CPU.Build.0 = Release|Any CPU
		{D26741C6-C130-46A4-AE80-3BBD5F2840C5}.Debug|Any CPU.ActiveCfg = Debug|Any CPU
		{D26741C6-C130-46A4-AE80-3BBD5F2840C5}.Debug|Any CPU.Build.0 = Debug|Any CPU
		{D26741C6-C130-46A4-AE80-3BBD5F2840C5}.Release|Any CPU.ActiveCfg = Release|Any CPU
		{D26741C6-C130-46A4-AE80-3BBD5F2840C5}.Release|Any CPU.Build.0 = Release|Any CPU
	EndGlobalSection
	GlobalSection(SolutionProperties) = preSolution
		HideSolutionNode = FALSE
	EndGlobalSection
	GlobalSection(NestedProjects) = preSolution
		{F791E30D-B4DD-415E-B1EA-A860725460C3} = {D983B3BA-842A-46BB-A33B-2AF9FB86D0EF}
		{4D99FE7A-924A-4680-B5F8-D0BEE3EA1BC6} = {D983B3BA-842A-46BB-A33B-2AF9FB86D0EF}
		{F6E8FA09-65C3-4804-AA81-7E12308993F8} = {4D99FE7A-924A-4680-B5F8-D0BEE3EA1BC6}
		{669E8E06-254D-420B-91BC-A5CD4075AD34} = {6AD393EB-EDC9-45B7-AD63-894040D90918}
		{417C3C37-DDB2-47C2-8A5F-9C869BC9C90B} = {6AD393EB-EDC9-45B7-AD63-894040D90918}
		{FB800AA0-599E-4FA1-92D8-063BFF052451} = {6AD393EB-EDC9-45B7-AD63-894040D90918}
		{7248955F-31C3-44C0-A041-FE8D1ECA1BF3} = {6AD393EB-EDC9-45B7-AD63-894040D90918}
		{D26741C6-C130-46A4-AE80-3BBD5F2840C5} = {D983B3BA-842A-46BB-A33B-2AF9FB86D0EF}
	EndGlobalSection
	GlobalSection(ExtensibilityGlobals) = postSolution
		SolutionGuid = {B5B271E5-3397-4BD7-BC12-CDDF473519F5}
	EndGlobalSection
EndGlobal
