
Microsoft Visual Studio Solution File, Format Version 12.00
# Visual Studio Version 16
VisualStudioVersion = 16.0.31515.178
MinimumVisualStudioVersion = 10.0.40219.1
Project("{9A19103F-16F7-4668-BE54-9A1E7A4F7556}") = "ExchangeRates.Api", "ExchangeRates.Api\ExchangeRates.Api.csproj", "{36E5DCFE-D66F-4F7E-B740-6658AA47160D}"
EndProject
Project("{2150E333-8FDC-42A3-9474-1A3956D46DE8}") = "Core", "Core", "{D983B3BA-842A-46BB-A33B-2AF9FB86D0EF}"
EndProject
Project("{2150E333-8FDC-42A3-9474-1A3956D46DE8}") = "Infrastructure", "Infrastructure", "{6AD393EB-EDC9-45B7-AD63-894040D90918}"
EndProject
Project("{9A19103F-16F7-4668-BE54-9A1E7A4F7556}") = "ExchangeRates.Core.Domain", "ExchangeRates.Core.Domain\ExchangeRates.Core.Domain.csproj", "{F791E30D-B4DD-415E-B1EA-A860725460C3}"
EndProject
Project("{2150E333-8FDC-42A3-9474-1A3956D46DE8}") = "Services", "Services", "{4D99FE7A-924A-4680-B5F8-D0BEE3EA1BC6}"
EndProject
Project("{9A19103F-16F7-4668-BE54-9A1E7A4F7556}") = "ExchangeRates.Core.App", "ExchangeRates.Core.App\ExchangeRates.Core.App.csproj", "{F6E8FA09-65C3-4804-AA81-7E12308993F8}"
EndProject
Project("{9A19103F-16F7-4668-BE54-9A1E7A4F7556}") = "ExchangeRates.Infrastructure.DB", "ExchangeRates.Infrastructure.DB\ExchangeRates.Infrastructure.DB.csproj", "{669E8E06-254D-420B-91BC-A5CD4075AD34}"
EndProject
Project("{9A19103F-16F7-4668-BE54-9A1E7A4F7556}") = "ExchangeRates.Infrastructure.SQLite", "ExchangeRates.Infrastructure.SQLite\ExchangeRates.Infrastructure.SQLite.csproj", "{417C3C37-DDB2-47C2-8A5F-9C869BC9C90B}"
EndProject
Project("{9A19103F-16F7-4668-BE54-9A1E7A4F7556}") = "ExchangeRates.Configuration", "ExchangeRates.Configuration\ExchangeRates.Configuration.csproj", "{FB800AA0-599E-4FA1-92D8-063BFF052451}"
EndProject
Project("{9A19103F-16F7-4668-BE54-9A1E7A4F7556}") = "ExchangeRates.Migrations", "ExchangeRates.Migrations\ExchangeRates.Migrations.csproj", "{7248955F-31C3-44C0-A041-FE8D1ECA1BF3}"
EndProject
Project("{FAE04EC0-301F-11D3-BF4B-00C04F79EFBC}") = "ExchangeRates.Maintenance", "ExchangeRates.Maintenance\ExchangeRates.Maintenance.csproj", "{D26741C6-C130-46A4-AE80-3BBD5F2840C5}"
EndProject
Project("{2150E333-8FDC-42A3-9474-1A3956D46DE8}") = "bot", "bot", "{D3E09356-6418-F4F5-DDE9-09D519799B74}"
EndProject
Project("{FAE04EC0-301F-11D3-BF4B-00C04F79EFBC}") = "ExchangeRatesBot", "bot\ExchangeRatesBot\ExchangeRatesBot.csproj", "{AE3FF661-4BF0-4BF8-BB7D-D242BA394169}"
EndProject
Project("{FAE04EC0-301F-11D3-BF4B-00C04F79EFBC}") = "ExchangeRatesBot.App", "bot\ExchangeRatesBot.App\ExchangeRatesBot.App.csproj", "{FACABB93-870F-427B-8B16-2EB83F656A46}"
EndProject
Project("{FAE04EC0-301F-11D3-BF4B-00C04F79EFBC}") = "ExchangeRatesBot.Configuration", "bot\ExchangeRatesBot.Configuration\ExchangeRatesBot.Configuration.csproj", "{6BCBDDCC-80FF-4B90-9F52-E3ABCC3AB664}"
EndProject
Project("{FAE04EC0-301F-11D3-BF4B-00C04F79EFBC}") = "ExchangeRatesBot.DB", "bot\ExchangeRatesBot.DB\ExchangeRatesBot.DB.csproj", "{074C752B-F560-4DFB-9F19-AEA7C1D5275B}"
EndProject
Project("{FAE04EC0-301F-11D3-BF4B-00C04F79EFBC}") = "ExchangeRatesBot.Domain", "bot\ExchangeRatesBot.Domain\ExchangeRatesBot.Domain.csproj", "{CCA5FCF8-9884-4809-B402-1A454EE200C4}"
EndProject
Project("{FAE04EC0-301F-11D3-BF4B-00C04F79EFBC}") = "ExchangeRatesBot.Maintenance", "bot\ExchangeRatesBot.Maintenance\ExchangeRatesBot.Maintenance.csproj", "{C816BA5C-97A8-4CC4-8F55-F824228619B0}"
EndProject
Project("{FAE04EC0-301F-11D3-BF4B-00C04F79EFBC}") = "ExchangeRatesBot.Migrations", "bot\ExchangeRatesBot.Migrations\ExchangeRatesBot.Migrations.csproj", "{CC57663D-A56F-4803-803C-2D6918EEB0A4}"
EndProject
Global
	GlobalSection(SolutionConfigurationPlatforms) = preSolution
		Debug|Any CPU = Debug|Any CPU
		Debug|x64 = Debug|x64
		Debug|x86 = Debug|x86
		Release|Any CPU = Release|Any CPU
		Release|x64 = Release|x64
		Release|x86 = Release|x86
	EndGlobalSection
	GlobalSection(ProjectConfigurationPlatforms) = postSolution
		{36E5DCFE-D66F-4F7E-B740-6658AA47160D}.Debug|Any CPU.ActiveCfg = Debug|Any CPU
		{36E5DCFE-D66F-4F7E-B740-6658AA47160D}.Debug|Any CPU.Build.0 = Debug|Any CPU
		{36E5DCFE-D66F-4F7E-B740-6658AA47160D}.Debug|x64.ActiveCfg = Debug|Any CPU
		{36E5DCFE-D66F-4F7E-B740-6658AA47160D}.Debug|x64.Build.0 = Debug|Any CPU
		{36E5DCFE-D66F-4F7E-B740-6658AA47160D}.Debug|x86.ActiveCfg = Debug|Any CPU
		{36E5DCFE-D66F-4F7E-B740-6658AA47160D}.Debug|x86.Build.0 = Debug|Any CPU
		{36E5DCFE-D66F-4F7E-B740-6658AA47160D}.Release|Any CPU.ActiveCfg = Release|Any CPU
		{36E5DCFE-D66F-4F7E-B740-6658AA47160D}.Release|Any CPU.Build.0 = Release|Any CPU
		{36E5DCFE-D66F-4F7E-B740-6658AA47160D}.Release|x64.ActiveCfg = Release|Any CPU
		{36E5DCFE-D66F-4F7E-B740-6658AA47160D}.Release|x64.Build.0 = Release|Any CPU
		{36E5DCFE-D66F-4F7E-B740-6658AA47160D}.Release|x86.ActiveCfg = Release|Any CPU
		{36E5DCFE-D66F-4F7E-B740-6658AA47160D}.Release|x86.Build.0 = Release|Any CPU
		{F791E30D-B4DD-415E-B1EA-A860725460C3}.Debug|Any CPU.ActiveCfg = Debug|Any CPU
		{F791E30D-B4DD-415E-B1EA-A860725460C3}.Debug|Any CPU.Build.0 = Debug|Any CPU
		{F791E30D-B4DD-415E-B1EA-A860725460C3}.Debug|x64.ActiveCfg = Debug|Any CPU
		{F791E30D-B4DD-415E-B1EA-A860725460C3}.Debug|x64.Build.0 = Debug|Any CPU
		{F791E30D-B4DD-415E-B1EA-A860725460C3}.Debug|x86.ActiveCfg = Debug|Any CPU
		{F791E30D-B4DD-415E-B1EA-A860725460C3}.Debug|x86.Build.0 = Debug|Any CPU
		{F791E30D-B4DD-415E-B1EA-A860725460C3}.Release|Any CPU.ActiveCfg = Release|Any CPU
		{F791E30D-B4DD-415E-B1EA-A860725460C3}.Release|Any CPU.Build.0 = Release|Any CPU
		{F791E30D-B4DD-415E-B1EA-A860725460C3}.Release|x64.ActiveCfg = Release|Any CPU
		{F791E30D-B4DD-415E-B1EA-A860725460C3}.Release|x64.Build.0 = Release|Any CPU
		{F791E30D-B4DD-415E-B1EA-A860725460C3}.Release|x86.ActiveCfg = Release|Any CPU
		{F791E30D-B4DD-415E-B1EA-A860725460C3}.Release|x86.Build.0 = Release|Any CPU
		{F6E8FA09-65C3-4804-AA81-7E12308993F8}.Debug|Any CPU.ActiveCfg = Debug|Any CPU
		{F6E8FA09-65C3-4804-AA81-7E12308993F8}.Debug|Any CPU.Build.0 = Debug|Any CPU
		{F6E8FA09-65C3-4804-AA81-7E12308993F8}.Debug|x64.ActiveCfg = Debug|Any CPU
		{F6E8FA09-65C3-4804-AA81-7E12308993F8}.Debug|x64.Build.0 = Debug|Any CPU
		{F6E8FA09-65C3-4804-AA81-7E12308993F8}.Debug|x86.ActiveCfg = Debug|Any CPU
		{F6E8FA09-65C3-4804-AA81-7E12308993F8}.Debug|x86.Build.0 = Debug|Any CPU
		{F6E8FA09-65C3-4804-AA81-7E12308993F8}.Release|Any CPU.ActiveCfg = Release|Any CPU
		{F6E8FA09-65C3-4804-AA81-7E12308993F8}.Release|Any CPU.Build.0 = Release|Any CPU
		{F6E8FA09-65C3-4804-AA81-7E12308993F8}.Release|x64.ActiveCfg = Release|Any CPU
		{F6E8FA09-65C3-4804-AA81-7E12308993F8}.Release|x64.Build.0 = Release|Any CPU
		{F6E8FA09-65C3-4804-AA81-7E12308993F8}.Release|x86.ActiveCfg = Release|Any CPU
		{F6E8FA09-65C3-4804-AA81-7E12308993F8}.Release|x86.Build.0 = Release|Any CPU
		{669E8E06-254D-420B-91BC-A5CD4075AD34}.Debug|Any CPU.ActiveCfg = Debug|Any CPU
		{669E8E06-254D-420B-91BC-A5CD4075AD34}.Debug|Any CPU.Build.0 = Debug|Any CPU
		{669E8E06-254D-420B-91BC-A5CD4075AD34}.Debug|x64.ActiveCfg = Debug|Any CPU
		{669E8E06-254D-420B-91BC-A5CD4075AD34}.Debug|x64.Build.0 = Debug|Any CPU
		{669E8E06-254D-420B-91BC-A5CD4075AD34}.Debug|x86.ActiveCfg = Debug|Any CPU
		{669E8E06-254D-420B-91BC-A5CD4075AD34}.Debug|x86.Build.0 = Debug|Any CPU
		{669E8E06-254D-420B-91BC-A5CD4075AD34}.Release|Any CPU.ActiveCfg = Release|Any CPU
		{669E8E06-254D-420B-91BC-A5CD4075AD34}.Release|Any CPU.Build.0 = Release|Any CPU
		{669E8E06-254D-420B-91BC-A5CD4075AD34}.Release|x64.ActiveCfg = Release|Any CPU
		{669E8E06-254D-420B-91BC-A5CD4075AD34}.Release|x64.Build.0 = Release|Any CPU
		{669E8E06-254D-420B-91BC-A5CD4075AD34}.Release|x86.ActiveCfg = Release|Any CPU
		{669E8E06-254D-420B-91BC-A5CD4075AD34}.Release|x86.Build.0 = Release|Any CPU
		{417C3C37-DDB2-47C2-8A5F-9C869BC9C90B}.Debug|Any CPU.ActiveCfg = Debug|Any CPU
		{417C3C37-DDB2-47C2-8A5F-9C869BC9C90B}.Debug|Any CPU.Build.0 = Debug|Any CPU
		{417C3C37-DDB2-47C2-8A5F-9C869BC9C90B}.Debug|x64.ActiveCfg = Debug|Any CPU
		{417C3C37-DDB2-47C2-8A5F-9C869BC9C90B}.Debug|x64.Build.0 = Debug|Any CPU
		{417C3C37-DDB2-47C2-8A5F-9C869BC9C90B}.Debug|x86.ActiveCfg = Debug|Any CPU
		{417C3C37-DDB2-47C2-8A5F-9C869BC9C90B}.Debug|x86.Build.0 = Debug|Any CPU
		{417C3C37-DDB2-47C2-8A5F-9C869BC9C90B}.Release|Any CPU.ActiveCfg = Release|Any CPU
		{417C3C37-DDB2-47C2-8A5F-9C869BC9C90B}.Release|Any CPU.Build.0 = Release|Any CPU
		{417C3C37-DDB2-47C2-8A5F-9C869BC9C90B}.Release|x64.ActiveCfg = Release|Any CPU
		{417C3C37-DDB2-47C2-8A5F-9C869BC9C90B}.Release|x64.Build.0 = Release|Any CPU
		{417C3C37-DDB2-47C2-8A5F-9C869BC9C90B}.Release|x86.ActiveCfg = Release|Any CPU
		{417C3C37-DDB2-47C2-8A5F-9C869BC9C90B}.Release|x86.Build.0 = Release|Any CPU
		{FB800AA0-599E-4FA1-92D8-063BFF052451}.Debug|Any CPU.ActiveCfg = Debug|Any CPU
		{FB800AA0-599E-4FA1-92D8-063BFF052451}.Debug|Any CPU.Build.0 = Debug|Any CPU
		{FB800AA0-599E-4FA1-92D8-063BFF052451}.Debug|x64.ActiveCfg = Debug|Any CPU
		{FB800AA0-599E-4FA1-92D8-063BFF052451}.Debug|x64.Build.0 = Debug|Any CPU
		{FB800AA0-599E-4FA1-92D8-063BFF052451}.Debug|x86.ActiveCfg = Debug|Any CPU
		{FB800AA0-599E-4FA1-92D8-063BFF052451}.Debug|x86.Build.0 = Debug|Any CPU
		{FB800AA0-599E-4FA1-92D8-063BFF052451}.Release|Any CPU.ActiveCfg = Release|Any CPU
		{FB800AA0-599E-4FA1-92D8-063BFF052451}.Release|Any CPU.Build.0 = Release|Any CPU
		{FB800AA0-599E-4FA1-92D8-063BFF052451}.Release|x64.ActiveCfg = Release|Any CPU
		{FB800AA0-599E-4FA1-92D8-063BFF052451}.Release|x64.Build.0 = Release|Any CPU
		{FB800AA0-599E-4FA1-92D8-063BFF052451}.Release|x86.ActiveCfg = Release|Any CPU
		{FB800AA0-599E-4FA1-92D8-063BFF052451}.Release|x86.Build.0 = Release|Any CPU
		{7248955F-31C3-44C0-A041-FE8D1ECA1BF3}.Debug|Any CPU.ActiveCfg = Debug|Any CPU
		{7248955F-31C3-44C0-A041-FE8D1ECA1BF3}.Debug|Any CPU.Build.0 = Debug|Any CPU
		{7248955F-31C3-44C0-A041-FE8D1ECA1BF3}.Debug|x64.ActiveCfg = Debug|Any CPU
		{7248955F-31C3-44C0-A041-FE8D1ECA1BF3}.Debug|x64.Build.0 = Debug|Any CPU
		{7248955F-31C3-44C0-A041-FE8D1ECA1BF3}.Debug|x86.ActiveCfg = Debug|Any CPU
		{7248955F-31C3-44C0-A041-FE8D1ECA1BF3}.Debug|x86.Build.0 = Debug|Any CPU
		{7248955F-31C3-44C0-A041-FE8D1ECA1BF3}.Release|Any CPU.ActiveCfg = Release|Any CPU
		{7248955F-31C3-44C0-A041-FE8D1ECA1BF3}.Release|Any CPU.Build.0 = Release|Any CPU
		{7248955F-31C3-44C0-A041-FE8D1ECA1BF3}.Release|x64.ActiveCfg = Release|Any CPU
		{7248955F-31C3-44C0-A041-FE8D1ECA1BF3}.Release|x64.Build.0 = Release|Any CPU
		{7248955F-31C3-44C0-A041-FE8D1ECA1BF3}.Release|x86.ActiveCfg = Release|Any CPU
		{7248955F-31C3-44C0-A041-FE8D1ECA1BF3}.Release|x86.Build.0 = Release|Any CPU
		{D26741C6-C130-46A4-AE80-3BBD5F2840C5}.Debug|Any CPU.ActiveCfg = Debug|Any CPU
		{D26741C6-C130-46A4-AE80-3BBD5F2840C5}.Debug|Any CPU.Build.0 = Debug|Any CPU
		{D26741C6-C130-46A4-AE80-3BBD5F2840C5}.Debug|x64.ActiveCfg = Debug|Any CPU
		{D26741C6-C130-46A4-AE80-3BBD5F2840C5}.Debug|x64.Build.0 = Debug|Any CPU
		{D26741C6-C130-46A4-AE80-3BBD5F2840C5}.Debug|x86.ActiveCfg = Debug|Any CPU
		{D26741C6-C130-46A4-AE80-3BBD5F2840C5}.Debug|x86.Build.0 = Debug|Any CPU
		{D26741C6-C130-46A4-AE80-3BBD5F2840C5}.Release|Any CPU.ActiveCfg = Release|Any CPU
		{D26741C6-C130-46A4-AE80-3BBD5F2840C5}.Release|Any CPU.Build.0 = Release|Any CPU
		{D26741C6-C130-46A4-AE80-3BBD5F2840C5}.Release|x64.ActiveCfg = Release|Any CPU
		{D26741C6-C130-46A4-AE80-3BBD5F2840C5}.Release|x64.Build.0 = Release|Any CPU
		{D26741C6-C130-46A4-AE80-3BBD5F2840C5}.Release|x86.ActiveCfg = Release|Any CPU
		{D26741C6-C130-46A4-AE80-3BBD5F2840C5}.Release|x86.Build.0 = Release|Any CPU
		{AE3FF661-4BF0-4BF8-BB7D-D242BA394169}.Debug|Any CPU.ActiveCfg = Debug|Any CPU
		{AE3FF661-4BF0-4BF8-BB7D-D242BA394169}.Debug|Any CPU.Build.0 = Debug|Any CPU
		{AE3FF661-4BF0-4BF8-BB7D-D242BA394169}.Debug|x64.ActiveCfg = Debug|Any CPU
		{AE3FF661-4BF0-4BF8-BB7D-D242BA394169}.Debug|x64.Build.0 = Debug|Any CPU
		{AE3FF661-4BF0-4BF8-BB7D-D242BA394169}.Debug|x86.ActiveCfg = Debug|Any CPU
		{AE3FF661-4BF0-4BF8-BB7D-D242BA394169}.Debug|x86.Build.0 = Debug|Any CPU
		{AE3FF661-4BF0-4BF8-BB7D-D242BA394169}.Release|Any CPU.ActiveCfg = Release|Any CPU
		{AE3FF661-4BF0-4BF8-BB7D-D242BA394169}.Release|Any CPU.Build.0 = Release|Any CPU
		{AE3FF661-4BF0-4BF8-BB7D-D242BA394169}.Release|x64.ActiveCfg = Release|Any CPU
		{AE3FF661-4BF0-4BF8-BB7D-D242BA394169}.Release|x64.Build.0 = Release|Any CPU
		{AE3FF661-4BF0-4BF8-BB7D-D242BA394169}.Release|x86.ActiveCfg = Release|Any CPU
		{AE3FF661-4BF0-4BF8-BB7D-D242BA394169}.Release|x86.Build.0 = Release|Any CPU
		{FACABB93-870F-427B-8B16-2EB83F656A46}.Debug|Any CPU.ActiveCfg = Debug|Any CPU
		{FACABB93-870F-427B-8B16-2EB83F656A46}.Debug|Any CPU.Build.0 = Debug|Any CPU
		{FACABB93-870F-427B-8B16-2EB83F656A46}.Debug|x64.ActiveCfg = Debug|Any CPU
		{FACABB93-870F-427B-8B16-2EB83F656A46}.Debug|x64.Build.0 = Debug|Any CPU
		{FACABB93-870F-427B-8B16-2EB83F656A46}.Debug|x86.ActiveCfg = Debug|Any CPU
		{FACABB93-870F-427B-8B16-2EB83F656A46}.Debug|x86.Build.0 = Debug|Any CPU
		{FACABB93-870F-427B-8B16-2EB83F656A46}.Release|Any CPU.ActiveCfg = Release|Any CPU
		{FACABB93-870F-427B-8B16-2EB83F656A46}.Release|Any CPU.Build.0 = Release|Any CPU
		{FACABB93-870F-427B-8B16-2EB83F656A46}.Release|x64.ActiveCfg = Release|Any CPU
		{FACABB93-870F-427B-8B16-2EB83F656A46}.Release|x64.Build.0 = Release|Any CPU
		{FACABB93-870F-427B-8B16-2EB83F656A46}.Release|x86.ActiveCfg = Release|Any CPU
		{FACABB93-870F-427B-8B16-2EB83F656A46}.Release|x86.Build.0 = Release|Any CPU
		{6BCBDDCC-80FF-4B90-9F52-E3ABCC3AB664}.Debug|Any CPU.ActiveCfg = Debug|Any CPU
		{6BCBDDCC-80FF-4B90-9F52-E3ABCC3AB664}.Debug|Any CPU.Build.0 = Debug|Any CPU
		{6BCBDDCC-80FF-4B90-9F52-E3ABCC3AB664}.Debug|x64.ActiveCfg = Debug|Any CPU
		{6BCBDDCC-80FF-4B90-9F52-E3ABCC3AB664}.Debug|x64.Build.0 = Debug|Any CPU
		{6BCBDDCC-80FF-4B90-9F52-E3ABCC3AB664}.Debug|x86.ActiveCfg = Debug|Any CPU
		{6BCBDDCC-80FF-4B90-9F52-E3ABCC3AB664}.Debug|x86.Build.0 = Debug|Any CPU
		{6BCBDDCC-80FF-4B90-9F52-E3ABCC3AB664}.Release|Any CPU.ActiveCfg = Release|Any CPU
		{6BCBDDCC-80FF-4B90-9F52-E3ABCC3AB664}.Release|Any CPU.Build.0 = Release|Any CPU
		{6BCBDDCC-80FF-4B90-9F52-E3ABCC3AB664}.Release|x64.ActiveCfg = Release|Any CPU
		{6BCBDDCC-80FF-4B90-9F52-E3ABCC3AB664}.Release|x64.Build.0 = Release|Any CPU
		{6BCBDDCC-80FF-4B90-9F52-E3ABCC3AB664}.Release|x86.ActiveCfg = Release|Any CPU
		{6BCBDDCC-80FF-4B90-9F52-E3ABCC3AB664}.Release|x86.Build.0 = Release|Any CPU
		{074C752B-F560-4DFB-9F19-AEA7C1D5275B}.Debug|Any CPU.ActiveCfg = Debug|Any CPU
		{074C752B-F560-4DFB-9F19-AEA7C1D5275B}.Debug|Any CPU.Build.0 = Debug|Any CPU
		{074C752B-F560-4DFB-9F19-AEA7C1D5275B}.Debug|x64.ActiveCfg = Debug|Any CPU
		{074C752B-F560-4DFB-9F19-AEA7C1D5275B}.Debug|x64.Build.0 = Debug|Any CPU
		{074C752B-F560-4DFB-9F19-AEA7C1D5275B}.Debug|x86.ActiveCfg = Debug|Any CPU
		{074C752B-F560-4DFB-9F19-AEA7C1D5275B}.Debug|x86.Build.0 = Debug|Any CPU
		{074C752B-F560-4DFB-9F19-AEA7C1D5275B}.Release|Any CPU.ActiveCfg = Release|Any CPU
		{074C752B-F560-4DFB-9F19-AEA7C1D5275B}.Release|Any CPU.Build.0 = Release|Any CPU
		{074C752B-F560-4DFB-9F19-AEA7C1D5275B}.Release|x64.ActiveCfg = Release|Any CPU
		{074C752B-F560-4DFB-9F19-AEA7C1D5275B}.Release|x64.Build.0 = Release|Any CPU
		{074C752B-F560-4DFB-9F19-AEA7C1D5275B}.Release|x86.ActiveCfg = Release|Any CPU
		{074C752B-F560-4DFB-9F19-AEA7C1D5275B}.Release|x86.Build.0 = Release|Any CPU
		{CCA5FCF8-9884-4809-B402-1A454EE200C4}.Debug|Any CPU.ActiveCfg = Debug|Any CPU
		{CCA5FCF8-9884-4809-B402-1A454EE200C4}.Debug|Any CPU.Build.0 = Debug|Any CPU
		{CCA5FCF8-9884-4809-B402-1A454EE200C4}.Debug|x64.ActiveCfg = Debug|Any CPU
		{CCA5FCF8-9884-4809-B402-1A454EE200C4}.Debug|x64.Build.0 = Debug|Any CPU
		{CCA5FCF8-9884-4809-B402-1A454EE200C4}.Debug|x86.ActiveCfg = Debug|Any CPU
		{CCA5FCF8-9884-4809-B402-1A454EE200C4}.Debug|x86.Build.0 = Debug|Any CPU
		{CCA5FCF8-9884-4809-B402-1A454EE200C4}.Release|Any CPU.ActiveCfg = Release|Any CPU
		{CCA5FCF8-9884-4809-B402-1A454EE200C4}.Release|Any CPU.Build.0 = Release|Any CPU
		{CCA5FCF8-9884-4809-B402-1A454EE200C4}.Release|x64.ActiveCfg = Release|Any CPU
		{CCA5FCF8-9884-4809-B402-1A454EE200C4}.Release|x64.Build.0 = Release|Any CPU
		{CCA5FCF8-9884-4809-B402-1A454EE200C4}.Release|x86.ActiveCfg = Release|Any CPU
		{CCA5FCF8-9884-4809-B402-1A454EE200C4}.Release|x86.Build.0 = Release|Any CPU
		{C816BA5C-97A8-4CC4-8F55-F824228619B0}.Debug|Any CPU.ActiveCfg = Debug|Any CPU
		{C816BA5C-97A8-4CC4-8F55-F824228619B0}.Debug|Any CPU.Build.0 = Debug|Any CPU
		{C816BA5C-97A8-4CC4-8F55-F824228619B0}.Debug|x64.ActiveCfg = Debug|Any CPU
		{C816BA5C-97A8-4CC4-8F55-F824228619B0}.Debug|x64.Build.0 = Debug|Any CPU
		{C816BA5C-97A8-4CC4-8F55-F824228619B0}.Debug|x86.ActiveCfg = Debug|Any CPU
		{C816BA5C-97A8-4CC4-8F55-F824228619B0}.Debug|x86.Build.0 = Debug|Any CPU
		{C816BA5C-97A8-4CC4-8F55-F824228619B0}.Release|Any CPU.ActiveCfg = Release|Any CPU
		{C816BA5C-97A8-4CC4-8F55-F824228619B0}.Release|Any CPU.Build.0 = Release|Any CPU
		{C816BA5C-97A8-4CC4-8F55-F824228619B0}.Release|x64.ActiveCfg = Release|Any CPU
		{C816BA5C-97A8-4CC4-8F55-F824228619B0}.Release|x64.Build.0 = Release|Any CPU
		{C816BA5C-97A8-4CC4-8F55-F824228619B0}.Release|x86.ActiveCfg = Release|Any CPU
		{C816BA5C-97A8-4CC4-8F55-F824228619B0}.Release|x86.Build.0 = Release|Any CPU
		{CC57663D-A56F-4803-803C-2D6918EEB0A4}.Debug|Any CPU.ActiveCfg = Debug|Any CPU
		{CC57663D-A56F-4803-803C-2D6918EEB0A4}.Debug|Any CPU.Build.0 = Debug|Any CPU
		{CC57663D-A56F-4803-803C-2D6918EEB0A4}.Debug|x64.ActiveCfg = Debug|Any CPU
		{CC57663D-A56F-4803-803C-2D6918EEB0A4}.Debug|x64.Build.0 = Debug|Any CPU
		{CC57663D-A56F-4803-803C-2D6918EEB0A4}.Debug|x86.ActiveCfg = Debug|Any CPU
		{CC57663D-A56F-4803-803C-2D6918EEB0A4}.Debug|x86.Build.0 = Debug|Any CPU
		{CC57663D-A56F-4803-803C-2D6918EEB0A4}.Release|Any CPU.ActiveCfg = Release|Any CPU
		{CC57663D-A56F-4803-803C-2D6918EEB0A4}.Release|Any CPU.Build.0 = Release|Any CPU
		{CC57663D-A56F-4803-803C-2D6918EEB0A4}.Release|x64.ActiveCfg = Release|Any CPU
		{CC57663D-A56F-4803-803C-2D6918EEB0A4}.Release|x64.Build.0 = Release|Any CPU
		{CC57663D-A56F-4803-803C-2D6918EEB0A4}.Release|x86.ActiveCfg = Release|Any CPU
		{CC57663D-A56F-4803-803C-2D6918EEB0A4}.Release|x86.Build.0 = Release|Any CPU
	EndGlobalSection
	GlobalSection(SolutionProperties) = preSolution
		HideSolutionNode = FALSE
	EndGlobalSection
	GlobalSection(NestedProjects) = preSolution
		{F791E30D-B4DD-415E-B1EA-A860725460C3} = {D983B3BA-842A-46BB-A33B-2AF9FB86D0EF}
		{4D99FE7A-924A-4680-B5F8-D0BEE3EA1BC6} = {D983B3BA-842A-46BB-A33B-2AF9FB86D0EF}
		{F6E8FA09-65C3-4804-AA81-7E12308993F8} = {4D99FE7A-924A-4680-B5F8-D0BEE3EA1BC6}
		{669E8E06-254D-420B-91BC-A5CD4075AD34} = {6AD393EB-EDC9-45B7-AD63-894040D90918}
		{417C3C37-DDB2-47C2-8A5F-9C869BC9C90B} = {6AD393EB-EDC9-45B7-AD63-894040D90918}
		{FB800AA0-599E-4FA1-92D8-063BFF052451} = {6AD393EB-EDC9-45B7-AD63-894040D90918}
		{7248955F-31C3-44C0-A041-FE8D1ECA1BF3} = {6AD393EB-EDC9-45B7-AD63-894040D90918}
		{D26741C6-C130-46A4-AE80-3BBD5F2840C5} = {D983B3BA-842A-46BB-A33B-2AF9FB86D0EF}
		{AE3FF661-4BF0-4BF8-BB7D-D242BA394169} = {D3E09356-6418-F4F5-DDE9-09D519799B74}
		{FACABB93-870F-427B-8B16-2EB83F656A46} = {D3E09356-6418-F4F5-DDE9-09D519799B74}
		{6BCBDDCC-80FF-4B90-9F52-E3ABCC3AB664} = {D3E09356-6418-F4F5-DDE9-09D519799B74}
		{074C752B-F560-4DFB-9F19-AEA7C1D5275B} = {D3E09356-6418-F4F5-DDE9-09D519799B74}
		{CCA5FCF8-9884-4809-B402-1A454EE200C4} = {D3E09356-6418-F4F5-DDE9-09D519799B74}
		{C816BA5C-97A8-4CC4-8F55-F824228619B0} = {D3E09356-6418-F4F5-DDE9-09D519799B74}
		{CC57663D-A56F-4803-803C-2D6918EEB0A4} = {D3E09356-6418-F4F5-DDE9-09D519799B74}
	EndGlobalSection
	GlobalSection(ExtensibilityGlobals) = postSolution
		SolutionGuid = {B5B271E5-3397-4BD7-BC12-CDDF473519F5}
	EndGlobalSection
EndGlobal
